// !$*UTF8*$!
{
	archiveVersion = 1;
	classes = {
	};
	objectVersion = 51;
	objects = {

/* Begin PBXBuildFile section */
		180EDC286D2E429F002BA178 /* Pods_parstagram_parstagramUITests.framework in Frameworks */ = {isa = PBXBuildFile; fileRef = F57EBA3A0D03A2D9661E03D0 /* Pods_parstagram_parstagramUITests.framework */; };
		4AA0401F4ADFE229EC7A2993 /* Pods_parstagram.framework in Frameworks */ = {isa = PBXBuildFile; fileRef = 6FF8556A5C8A36AEBA41EFA6 /* Pods_parstagram.framework */; };
		4B9853E707E80A9C5D5FB4E4 /* Pods_parstagramTests.framework in Frameworks */ = {isa = PBXBuildFile; fileRef = 7F2570A638C8263639B5FAD2 /* Pods_parstagramTests.framework */; };
		5850CD942604317F00D2FFB8 /* loginViewController.swift in Sources */ = {isa = PBXBuildFile; fileRef = 5850CD932604317F00D2FFB8 /* loginViewController.swift */; };
		5850CD992604319C00D2FFB8 /* feedViewController.swift in Sources */ = {isa = PBXBuildFile; fileRef = 5850CD982604319C00D2FFB8 /* feedViewController.swift */; };
		5858FA6626055D9600F5AA16 /* postCell.swift in Sources */ = {isa = PBXBuildFile; fileRef = 5858FA6526055D9600F5AA16 /* postCell.swift */; };
		58917B0826042CD6006227D1 /* AppDelegate.swift in Sources */ = {isa = PBXBuildFile; fileRef = 58917B0726042CD6006227D1 /* AppDelegate.swift */; };
		58917B0A26042CD6006227D1 /* SceneDelegate.swift in Sources */ = {isa = PBXBuildFile; fileRef = 58917B0926042CD6006227D1 /* SceneDelegate.swift */; };
		58917B0F26042CD6006227D1 /* Main.storyboard in Resources */ = {isa = PBXBuildFile; fileRef = 58917B0D26042CD6006227D1 /* Main.storyboard */; };
		58917B1126042CD8006227D1 /* Assets.xcassets in Resources */ = {isa = PBXBuildFile; fileRef = 58917B1026042CD8006227D1 /* Assets.xcassets */; };
		58917B1426042CD8006227D1 /* LaunchScreen.storyboard in Resources */ = {isa = PBXBuildFile; fileRef = 58917B1226042CD8006227D1 /* LaunchScreen.storyboard */; };
		58917B1F26042CD9006227D1 /* parstagramTests.swift in Sources */ = {isa = PBXBuildFile; fileRef = 58917B1E26042CD9006227D1 /* parstagramTests.swift */; };
		58917B2A26042CD9006227D1 /* parstagramUITests.swift in Sources */ = {isa = PBXBuildFile; fileRef = 58917B2926042CD9006227D1 /* parstagramUITests.swift */; };
		58BDC20F2605421300AE62A3 /* cameraViewController.swift in Sources */ = {isa = PBXBuildFile; fileRef = 58BDC20E2605421300AE62A3 /* cameraViewController.swift */; };
/* End PBXBuildFile section */

/* Begin PBXContainerItemProxy section */
		58917B1B26042CD9006227D1 /* PBXContainerItemProxy */ = {
			isa = PBXContainerItemProxy;
			containerPortal = 58917AFC26042CD6006227D1 /* Project object */;
			proxyType = 1;
			remoteGlobalIDString = 58917B0326042CD6006227D1;
			remoteInfo = parstagram;
		};
		58917B2626042CD9006227D1 /* PBXContainerItemProxy */ = {
			isa = PBXContainerItemProxy;
			containerPortal = 58917AFC26042CD6006227D1 /* Project object */;
			proxyType = 1;
			remoteGlobalIDString = 58917B0326042CD6006227D1;
			remoteInfo = parstagram;
		};
/* End PBXContainerItemProxy section */

/* Begin PBXFileReference section */
		0F29B961127191E63E433D69 /* Pods-parstagramTests.debug.xcconfig */ = {isa = PBXFileReference; includeInIndex = 1; lastKnownFileType = text.xcconfig; name = "Pods-parstagramTests.debug.xcconfig"; path = "Target Support Files/Pods-parstagramTests/Pods-parstagramTests.debug.xcconfig"; sourceTree = "<group>"; };
		5850CD932604317F00D2FFB8 /* loginViewController.swift */ = {isa = PBXFileReference; lastKnownFileType = sourcecode.swift; path = loginViewController.swift; sourceTree = "<group>"; };
		5850CD982604319C00D2FFB8 /* feedViewController.swift */ = {isa = PBXFileReference; lastKnownFileType = sourcecode.swift; path = feedViewController.swift; sourceTree = "<group>"; };
		5858FA6526055D9600F5AA16 /* postCell.swift */ = {isa = PBXFileReference; lastKnownFileType = sourcecode.swift; path = postCell.swift; sourceTree = "<group>"; };
		58917B0426042CD6006227D1 /* parstagram.app */ = {isa = PBXFileReference; explicitFileType = wrapper.application; includeInIndex = 0; path = parstagram.app; sourceTree = BUILT_PRODUCTS_DIR; };
		58917B0726042CD6006227D1 /* AppDelegate.swift */ = {isa = PBXFileReference; lastKnownFileType = sourcecode.swift; path = AppDelegate.swift; sourceTree = "<group>"; };
		58917B0926042CD6006227D1 /* SceneDelegate.swift */ = {isa = PBXFileReference; lastKnownFileType = sourcecode.swift; path = SceneDelegate.swift; sourceTree = "<group>"; };
		58917B0E26042CD6006227D1 /* Base */ = {isa = PBXFileReference; lastKnownFileType = file.storyboard; name = Base; path = Base.lproj/Main.storyboard; sourceTree = "<group>"; };
		58917B1026042CD8006227D1 /* Assets.xcassets */ = {isa = PBXFileReference; lastKnownFileType = folder.assetcatalog; path = Assets.xcassets; sourceTree = "<group>"; };
		58917B1326042CD8006227D1 /* Base */ = {isa = PBXFileReference; lastKnownFileType = file.storyboard; name = Base; path = Base.lproj/LaunchScreen.storyboard; sourceTree = "<group>"; };
		58917B1526042CD8006227D1 /* Info.plist */ = {isa = PBXFileReference; lastKnownFileType = text.plist.xml; path = Info.plist; sourceTree = "<group>"; };
		58917B1A26042CD9006227D1 /* parstagramTests.xctest */ = {isa = PBXFileReference; explicitFileType = wrapper.cfbundle; includeInIndex = 0; path = parstagramTests.xctest; sourceTree = BUILT_PRODUCTS_DIR; };
		58917B1E26042CD9006227D1 /* parstagramTests.swift */ = {isa = PBXFileReference; lastKnownFileType = sourcecode.swift; path = parstagramTests.swift; sourceTree = "<group>"; };
		58917B2026042CD9006227D1 /* Info.plist */ = {isa = PBXFileReference; lastKnownFileType = text.plist.xml; path = Info.plist; sourceTree = "<group>"; };
		58917B2526042CD9006227D1 /* parstagramUITests.xctest */ = {isa = PBXFileReference; explicitFileType = wrapper.cfbundle; includeInIndex = 0; path = parstagramUITests.xctest; sourceTree = BUILT_PRODUCTS_DIR; };
		58917B2926042CD9006227D1 /* parstagramUITests.swift */ = {isa = PBXFileReference; lastKnownFileType = sourcecode.swift; path = parstagramUITests.swift; sourceTree = "<group>"; };
		58917B2B26042CD9006227D1 /* Info.plist */ = {isa = PBXFileReference; lastKnownFileType = text.plist.xml; path = Info.plist; sourceTree = "<group>"; };
		58BDC20E2605421300AE62A3 /* cameraViewController.swift */ = {isa = PBXFileReference; lastKnownFileType = sourcecode.swift; path = cameraViewController.swift; sourceTree = "<group>"; };
		6FF8556A5C8A36AEBA41EFA6 /* Pods_parstagram.framework */ = {isa = PBXFileReference; explicitFileType = wrapper.framework; includeInIndex = 0; path = Pods_parstagram.framework; sourceTree = BUILT_PRODUCTS_DIR; };
		7F2570A638C8263639B5FAD2 /* Pods_parstagramTests.framework */ = {isa = PBXFileReference; explicitFileType = wrapper.framework; includeInIndex = 0; path = Pods_parstagramTests.framework; sourceTree = BUILT_PRODUCTS_DIR; };
		B226CCB0B3409C22D45292AC /* Pods-parstagram.release.xcconfig */ = {isa = PBXFileReference; includeInIndex = 1; lastKnownFileType = text.xcconfig; name = "Pods-parstagram.release.xcconfig"; path = "Target Support Files/Pods-parstagram/Pods-parstagram.release.xcconfig"; sourceTree = "<group>"; };
		C4531F4C3F6306CDC723C37D /* Pods-parstagram-parstagramUITests.debug.xcconfig */ = {isa = PBXFileReference; includeInIndex = 1; lastKnownFileType = text.xcconfig; name = "Pods-parstagram-parstagramUITests.debug.xcconfig"; path = "Target Support Files/Pods-parstagram-parstagramUITests/Pods-parstagram-parstagramUITests.debug.xcconfig"; sourceTree = "<group>"; };
		C5A76C188F587AB38BC25C00 /* Pods-parstagramTests.release.xcconfig */ = {isa = PBXFileReference; includeInIndex = 1; lastKnownFileType = text.xcconfig; name = "Pods-parstagramTests.release.xcconfig"; path = "Target Support Files/Pods-parstagramTests/Pods-parstagramTests.release.xcconfig"; sourceTree = "<group>"; };
		CB39EC171C4F3796656D0986 /* Pods-parstagram-parstagramUITests.release.xcconfig */ = {isa = PBXFileReference; includeInIndex = 1; lastKnownFileType = text.xcconfig; name = "Pods-parstagram-parstagramUITests.release.xcconfig"; path = "Target Support Files/Pods-parstagram-parstagramUITests/Pods-parstagram-parstagramUITests.release.xcconfig"; sourceTree = "<group>"; };
		F57EBA3A0D03A2D9661E03D0 /* Pods_parstagram_parstagramUITests.framework */ = {isa = PBXFileReference; explicitFileType = wrapper.framework; includeInIndex = 0; path = Pods_parstagram_parstagramUITests.framework; sourceTree = BUILT_PRODUCTS_DIR; };
		F858C888A3B25415407D7B33 /* Pods-parstagram.debug.xcconfig */ = {isa = PBXFileReference; includeInIndex = 1; lastKnownFileType = text.xcconfig; name = "Pods-parstagram.debug.xcconfig"; path = "Target Support Files/Pods-parstagram/Pods-parstagram.debug.xcconfig"; sourceTree = "<group>"; };
/* End PBXFileReference section */

/* Begin PBXFrameworksBuildPhase section */
		58917B0126042CD6006227D1 /* Frameworks */ = {
			isa = PBXFrameworksBuildPhase;
			buildActionMask = 2147483647;
			files = (
				4AA0401F4ADFE229EC7A2993 /* Pods_parstagram.framework in Frameworks */,
			);
			runOnlyForDeploymentPostprocessing = 0;
		};
		58917B1726042CD9006227D1 /* Frameworks */ = {
			isa = PBXFrameworksBuildPhase;
			buildActionMask = 2147483647;
			files = (
				4B9853E707E80A9C5D5FB4E4 /* Pods_parstagramTests.framework in Frameworks */,
			);
			runOnlyForDeploymentPostprocessing = 0;
		};
		58917B2226042CD9006227D1 /* Frameworks */ = {
			isa = PBXFrameworksBuildPhase;
			buildActionMask = 2147483647;
			files = (
				180EDC286D2E429F002BA178 /* Pods_parstagram_parstagramUITests.framework in Frameworks */,
			);
			runOnlyForDeploymentPostprocessing = 0;
		};
/* End PBXFrameworksBuildPhase section */

/* Begin PBXGroup section */
		163439D36AC9BEED380A2EF2 /* Pods */ = {
			isa = PBXGroup;
			children = (
				F858C888A3B25415407D7B33 /* Pods-parstagram.debug.xcconfig */,
				B226CCB0B3409C22D45292AC /* Pods-parstagram.release.xcconfig */,
				C4531F4C3F6306CDC723C37D /* Pods-parstagram-parstagramUITests.debug.xcconfig */,
				CB39EC171C4F3796656D0986 /* Pods-parstagram-parstagramUITests.release.xcconfig */,
				0F29B961127191E63E433D69 /* Pods-parstagramTests.debug.xcconfig */,
				C5A76C188F587AB38BC25C00 /* Pods-parstagramTests.release.xcconfig */,
			);
			path = Pods;
			sourceTree = "<group>";
		};
		3CC114B8E8F79397780D8B33 /* Frameworks */ = {
			isa = PBXGroup;
			children = (
				6FF8556A5C8A36AEBA41EFA6 /* Pods_parstagram.framework */,
				F57EBA3A0D03A2D9661E03D0 /* Pods_parstagram_parstagramUITests.framework */,
				7F2570A638C8263639B5FAD2 /* Pods_parstagramTests.framework */,
			);
			name = Frameworks;
			sourceTree = "<group>";
		};
		58917AFB26042CD6006227D1 = {
			isa = PBXGroup;
			children = (
				58917B0626042CD6006227D1 /* parstagram */,
				58917B1D26042CD9006227D1 /* parstagramTests */,
				58917B2826042CD9006227D1 /* parstagramUITests */,
				58917B0526042CD6006227D1 /* Products */,
				163439D36AC9BEED380A2EF2 /* Pods */,
				3CC114B8E8F79397780D8B33 /* Frameworks */,
			);
			sourceTree = "<group>";
		};
		58917B0526042CD6006227D1 /* Products */ = {
			isa = PBXGroup;
			children = (
				58917B0426042CD6006227D1 /* parstagram.app */,
				58917B1A26042CD9006227D1 /* parstagramTests.xctest */,
				58917B2526042CD9006227D1 /* parstagramUITests.xctest */,
			);
			name = Products;
			sourceTree = "<group>";
		};
		58917B0626042CD6006227D1 /* parstagram */ = {
			isa = PBXGroup;
			children = (
				58917B0726042CD6006227D1 /* AppDelegate.swift */,
				58917B0926042CD6006227D1 /* SceneDelegate.swift */,
				58917B0D26042CD6006227D1 /* Main.storyboard */,
				58917B1026042CD8006227D1 /* Assets.xcassets */,
				58917B1226042CD8006227D1 /* LaunchScreen.storyboard */,
				58917B1526042CD8006227D1 /* Info.plist */,
				5850CD932604317F00D2FFB8 /* loginViewController.swift */,
				5850CD982604319C00D2FFB8 /* feedViewController.swift */,
				58BDC20E2605421300AE62A3 /* cameraViewController.swift */,
				5858FA6526055D9600F5AA16 /* postCell.swift */,
			);
			path = parstagram;
			sourceTree = "<group>";
		};
		58917B1D26042CD9006227D1 /* parstagramTests */ = {
			isa = PBXGroup;
			children = (
				58917B1E26042CD9006227D1 /* parstagramTests.swift */,
				58917B2026042CD9006227D1 /* Info.plist */,
			);
			path = parstagramTests;
			sourceTree = "<group>";
		};
		58917B2826042CD9006227D1 /* parstagramUITests */ = {
			isa = PBXGroup;
			children = (
				58917B2926042CD9006227D1 /* parstagramUITests.swift */,
				58917B2B26042CD9006227D1 /* Info.plist */,
			);
			path = parstagramUITests;
			sourceTree = "<group>";
		};
/* End PBXGroup section */

/* Begin PBXNativeTarget section */
		58917B0326042CD6006227D1 /* parstagram */ = {
			isa = PBXNativeTarget;
			buildConfigurationList = 58917B2E26042CD9006227D1 /* Build configuration list for PBXNativeTarget "parstagram" */;
			buildPhases = (
				F7AD55C7A6CF618D38EC7B8F /* [CP] Check Pods Manifest.lock */,
				58917B0026042CD6006227D1 /* Sources */,
				58917B0126042CD6006227D1 /* Frameworks */,
				58917B0226042CD6006227D1 /* Resources */,
				5ACB347936667B02EB1BBDCE /* [CP] Embed Pods Frameworks */,
			);
			buildRules = (
			);
			dependencies = (
			);
			name = parstagram;
			productName = parstagram;
			productReference = 58917B0426042CD6006227D1 /* parstagram.app */;
			productType = "com.apple.product-type.application";
		};
		58917B1926042CD9006227D1 /* parstagramTests */ = {
			isa = PBXNativeTarget;
			buildConfigurationList = 58917B3126042CD9006227D1 /* Build configuration list for PBXNativeTarget "parstagramTests" */;
			buildPhases = (
				CD03107824131CAAA6A0A744 /* [CP] Check Pods Manifest.lock */,
				58917B1626042CD9006227D1 /* Sources */,
				58917B1726042CD9006227D1 /* Frameworks */,
				58917B1826042CD9006227D1 /* Resources */,
			);
			buildRules = (
			);
			dependencies = (
				58917B1C26042CD9006227D1 /* PBXTargetDependency */,
			);
			name = parstagramTests;
			productName = parstagramTests;
			productReference = 58917B1A26042CD9006227D1 /* parstagramTests.xctest */;
			productType = "com.apple.product-type.bundle.unit-test";
		};
		58917B2426042CD9006227D1 /* parstagramUITests */ = {
			isa = PBXNativeTarget;
			buildConfigurationList = 58917B3426042CD9006227D1 /* Build configuration list for PBXNativeTarget "parstagramUITests" */;
			buildPhases = (
				1BED24B0A7EBC42AB5D93FDC /* [CP] Check Pods Manifest.lock */,
				58917B2126042CD9006227D1 /* Sources */,
				58917B2226042CD9006227D1 /* Frameworks */,
				58917B2326042CD9006227D1 /* Resources */,
				C4D4562CA37574DC33D07927 /* [CP] Embed Pods Frameworks */,
			);
			buildRules = (
			);
			dependencies = (
				58917B2726042CD9006227D1 /* PBXTargetDependency */,
			);
			name = parstagramUITests;
			productName = parstagramUITests;
			productReference = 58917B2526042CD9006227D1 /* parstagramUITests.xctest */;
			productType = "com.apple.product-type.bundle.ui-testing";
		};
/* End PBXNativeTarget section */

/* Begin PBXProject section */
		58917AFC26042CD6006227D1 /* Project object */ = {
			isa = PBXProject;
			attributes = {
				LastSwiftUpdateCheck = 1240;
				LastUpgradeCheck = 1240;
				TargetAttributes = {
					58917B0326042CD6006227D1 = {
						CreatedOnToolsVersion = 12.4;
					};
					58917B1926042CD9006227D1 = {
						CreatedOnToolsVersion = 12.4;
						TestTargetID = 58917B0326042CD6006227D1;
					};
					58917B2426042CD9006227D1 = {
						CreatedOnToolsVersion = 12.4;
						TestTargetID = 58917B0326042CD6006227D1;
					};
				};
			};
			buildConfigurationList = 58917AFF26042CD6006227D1 /* Build configuration list for PBXProject "parstagram" */;
			compatibilityVersion = "Xcode 9.3";
			developmentRegion = en;
			hasScannedForEncodings = 0;
			knownRegions = (
				en,
				Base,
			);
			mainGroup = 58917AFB26042CD6006227D1;
			productRefGroup = 58917B0526042CD6006227D1 /* Products */;
			projectDirPath = "";
			projectRoot = "";
			targets = (
				58917B0326042CD6006227D1 /* parstagram */,
				58917B1926042CD9006227D1 /* parstagramTests */,
				58917B2426042CD9006227D1 /* parstagramUITests */,
			);
		};
/* End PBXProject section */

/* Begin PBXResourcesBuildPhase section */
		58917B0226042CD6006227D1 /* Resources */ = {
			isa = PBXResourcesBuildPhase;
			buildActionMask = 2147483647;
			files = (
				58917B1426042CD8006227D1 /* LaunchScreen.storyboard in Resources */,
				58917B1126042CD8006227D1 /* Assets.xcassets in Resources */,
				58917B0F26042CD6006227D1 /* Main.storyboard in Resources */,
			);
			runOnlyForDeploymentPostprocessing = 0;
		};
		58917B1826042CD9006227D1 /* Resources */ = {
			isa = PBXResourcesBuildPhase;
			buildActionMask = 2147483647;
			files = (
			);
			runOnlyForDeploymentPostprocessing = 0;
		};
		58917B2326042CD9006227D1 /* Resources */ = {
			isa = PBXResourcesBuildPhase;
			buildActionMask = 2147483647;
			files = (
			);
			runOnlyForDeploymentPostprocessing = 0;
		};
/* End PBXResourcesBuildPhase section */

/* Begin PBXShellScriptBuildPhase section */
		1BED24B0A7EBC42AB5D93FDC /* [CP] Check Pods Manifest.lock */ = {
			isa = PBXShellScriptBuildPhase;
			buildActionMask = 2147483647;
			files = (
			);
			inputFileListPaths = (
			);
			inputPaths = (
				"${PODS_PODFILE_DIR_PATH}/Podfile.lock",
				"${PODS_ROOT}/Manifest.lock",
			);
			name = "[CP] Check Pods Manifest.lock";
			outputFileListPaths = (
			);
			outputPaths = (
				"$(DERIVED_FILE_DIR)/Pods-parstagram-parstagramUITests-checkManifestLockResult.txt",
			);
			runOnlyForDeploymentPostprocessing = 0;
			shellPath = /bin/sh;
			shellScript = "diff \"${PODS_PODFILE_DIR_PATH}/Podfile.lock\" \"${PODS_ROOT}/Manifest.lock\" > /dev/null\nif [ $? != 0 ] ; then\n    # print error to STDERR\n    echo \"error: The sandbox is not in sync with the Podfile.lock. Run 'pod install' or update your CocoaPods installation.\" >&2\n    exit 1\nfi\n# This output is used by Xcode 'outputs' to avoid re-running this script phase.\necho \"SUCCESS\" > \"${SCRIPT_OUTPUT_FILE_0}\"\n";
			showEnvVarsInLog = 0;
		};
		5ACB347936667B02EB1BBDCE /* [CP] Embed Pods Frameworks */ = {
			isa = PBXShellScriptBuildPhase;
			buildActionMask = 2147483647;
			files = (
			);
			inputFileListPaths = (
				"${PODS_ROOT}/Target Support Files/Pods-parstagram/Pods-parstagram-frameworks-${CONFIGURATION}-input-files.xcfilelist",
			);
			name = "[CP] Embed Pods Frameworks";
			outputFileListPaths = (
				"${PODS_ROOT}/Target Support Files/Pods-parstagram/Pods-parstagram-frameworks-${CONFIGURATION}-output-files.xcfilelist",
			);
			runOnlyForDeploymentPostprocessing = 0;
			shellPath = /bin/sh;
			shellScript = "\"${PODS_ROOT}/Target Support Files/Pods-parstagram/Pods-parstagram-frameworks.sh\"\n";
			showEnvVarsInLog = 0;
		};
		C4D4562CA37574DC33D07927 /* [CP] Embed Pods Frameworks */ = {
			isa = PBXShellScriptBuildPhase;
			buildActionMask = 2147483647;
			files = (
			);
			inputFileListPaths = (
				"${PODS_ROOT}/Target Support Files/Pods-parstagram-parstagramUITests/Pods-parstagram-parstagramUITests-frameworks-${CONFIGURATION}-input-files.xcfilelist",
			);
			name = "[CP] Embed Pods Frameworks";
			outputFileListPaths = (
				"${PODS_ROOT}/Target Support Files/Pods-parstagram-parstagramUITests/Pods-parstagram-parstagramUITests-frameworks-${CONFIGURATION}-output-files.xcfilelist",
			);
			runOnlyForDeploymentPostprocessing = 0;
			shellPath = /bin/sh;
			shellScript = "\"${PODS_ROOT}/Target Support Files/Pods-parstagram-parstagramUITests/Pods-parstagram-parstagramUITests-frameworks.sh\"\n";
			showEnvVarsInLog = 0;
		};
		CD03107824131CAAA6A0A744 /* [CP] Check Pods Manifest.lock */ = {
			isa = PBXShellScriptBuildPhase;
			buildActionMask = 2147483647;
			files = (
			);
			inputFileListPaths = (
			);
			inputPaths = (
				"${PODS_PODFILE_DIR_PATH}/Podfile.lock",
				"${PODS_ROOT}/Manifest.lock",
			);
			name = "[CP] Check Pods Manifest.lock";
			outputFileListPaths = (
			);
			outputPaths = (
				"$(DERIVED_FILE_DIR)/Pods-parstagramTests-checkManifestLockResult.txt",
			);
			runOnlyForDeploymentPostprocessing = 0;
			shellPath = /bin/sh;
			shellScript = "diff \"${PODS_PODFILE_DIR_PATH}/Podfile.lock\" \"${PODS_ROOT}/Manifest.lock\" > /dev/null\nif [ $? != 0 ] ; then\n    # print error to STDERR\n    echo \"error: The sandbox is not in sync with the Podfile.lock. Run 'pod install' or update your CocoaPods installation.\" >&2\n    exit 1\nfi\n# This output is used by Xcode 'outputs' to avoid re-running this script phase.\necho \"SUCCESS\" > \"${SCRIPT_OUTPUT_FILE_0}\"\n";
			showEnvVarsInLog = 0;
		};
		F7AD55C7A6CF618D38EC7B8F /* [CP] Check Pods Manifest.lock */ = {
			isa = PBXShellScriptBuildPhase;
			buildActionMask = 2147483647;
			files = (
			);
			inputFileListPaths = (
			);
			inputPaths = (
				"${PODS_PODFILE_DIR_PATH}/Podfile.lock",
				"${PODS_ROOT}/Manifest.lock",
			);
			name = "[CP] Check Pods Manifest.lock";
			outputFileListPaths = (
			);
			outputPaths = (
				"$(DERIVED_FILE_DIR)/Pods-parstagram-checkManifestLockResult.txt",
			);
			runOnlyForDeploymentPostprocessing = 0;
			shellPath = /bin/sh;
			shellScript = "diff \"${PODS_PODFILE_DIR_PATH}/Podfile.lock\" \"${PODS_ROOT}/Manifest.lock\" > /dev/null\nif [ $? != 0 ] ; then\n    # print error to STDERR\n    echo \"error: The sandbox is not in sync with the Podfile.lock. Run 'pod install' or update your CocoaPods installation.\" >&2\n    exit 1\nfi\n# This output is used by Xcode 'outputs' to avoid re-running this script phase.\necho \"SUCCESS\" > \"${SCRIPT_OUTPUT_FILE_0}\"\n";
			showEnvVarsInLog = 0;
		};
/* End PBXShellScriptBuildPhase section */

/* Begin PBXSourcesBuildPhase section */
		58917B0026042CD6006227D1 /* Sources */ = {
			isa = PBXSourcesBuildPhase;
			buildActionMask = 2147483647;
			files = (
				58917B0826042CD6006227D1 /* AppDelegate.swift in Sources */,
				5858FA6626055D9600F5AA16 /* postCell.swift in Sources */,
				58917B0A26042CD6006227D1 /* SceneDelegate.swift in Sources */,
				58BDC20F2605421300AE62A3 /* cameraViewController.swift in Sources */,
				5850CD992604319C00D2FFB8 /* feedViewController.swift in Sources */,
				5850CD942604317F00D2FFB8 /* loginViewController.swift in Sources */,
			);
			runOnlyForDeploymentPostprocessing = 0;
		};
		58917B1626042CD9006227D1 /* Sources */ = {
			isa = PBXSourcesBuildPhase;
			buildActionMask = 2147483647;
			files = (
				58917B1F26042CD9006227D1 /* parstagramTests.swift in Sources */,
			);
			runOnlyForDeploymentPostprocessing = 0;
		};
		58917B2126042CD9006227D1 /* Sources */ = {
			isa = PBXSourcesBuildPhase;
			buildActionMask = 2147483647;
			files = (
				58917B2A26042CD9006227D1 /* parstagramUITests.swift in Sources */,
			);
			runOnlyForDeploymentPostprocessing = 0;
		};
/* End PBXSourcesBuildPhase section */

/* Begin PBXTargetDependency section */
		58917B1C26042CD9006227D1 /* PBXTargetDependency */ = {
			isa = PBXTargetDependency;
			target = 58917B0326042CD6006227D1 /* parstagram */;
			targetProxy = 58917B1B26042CD9006227D1 /* PBXContainerItemProxy */;
		};
		58917B2726042CD9006227D1 /* PBXTargetDependency */ = {
			isa = PBXTargetDependency;
			target = 58917B0326042CD6006227D1 /* parstagram */;
			targetProxy = 58917B2626042CD9006227D1 /* PBXContainerItemProxy */;
		};
/* End PBXTargetDependency section */

/* Begin PBXVariantGroup section */
		58917B0D26042CD6006227D1 /* Main.storyboard */ = {
			isa = PBXVariantGroup;
			children = (
				58917B0E26042CD6006227D1 /* Base */,
			);
			name = Main.storyboard;
			sourceTree = "<group>";
		};
		58917B1226042CD8006227D1 /* LaunchScreen.storyboard */ = {
			isa = PBXVariantGroup;
			children = (
				58917B1326042CD8006227D1 /* Base */,
			);
			name = LaunchScreen.storyboard;
			sourceTree = "<group>";
		};
/* End PBXVariantGroup section */

/* Begin XCBuildConfiguration section */
		58917B2C26042CD9006227D1 /* Debug */ = {
			isa = XCBuildConfiguration;
			buildSettings = {
				ALWAYS_SEARCH_USER_PATHS = NO;
				CLANG_ANALYZER_NONNULL = YES;
				CLANG_ANALYZER_NUMBER_OBJECT_CONVERSION = YES_AGGRESSIVE;
				CLANG_CXX_LANGUAGE_STANDARD = "gnu++14";
				CLANG_CXX_LIBRARY = "libc++";
				CLANG_ENABLE_MODULES = YES;
				CLANG_ENABLE_OBJC_ARC = YES;
				CLANG_ENABLE_OBJC_WEAK = YES;
				CLANG_WARN_BLOCK_CAPTURE_AUTORELEASING = YES;
				CLANG_WARN_BOOL_CONVERSION = YES;
				CLANG_WARN_COMMA = YES;
				CLANG_WARN_CONSTANT_CONVERSION = YES;
				CLANG_WARN_DEPRECATED_OBJC_IMPLEMENTATIONS = YES;
				CLANG_WARN_DIRECT_OBJC_ISA_USAGE = YES_ERROR;
				CLANG_WARN_DOCUMENTATION_COMMENTS = YES;
				CLANG_WARN_EMPTY_BODY = YES;
				CLANG_WARN_ENUM_CONVERSION = YES;
				CLANG_WARN_INFINITE_RECURSION = YES;
				CLANG_WARN_INT_CONVERSION = YES;
				CLANG_WARN_NON_LITERAL_NULL_CONVERSION = YES;
				CLANG_WARN_OBJC_IMPLICIT_RETAIN_SELF = YES;
				CLANG_WARN_OBJC_LITERAL_CONVERSION = YES;
				CLANG_WARN_OBJC_ROOT_CLASS = YES_ERROR;
				CLANG_WARN_QUOTED_INCLUDE_IN_FRAMEWORK_HEADER = YES;
				CLANG_WARN_RANGE_LOOP_ANALYSIS = YES;
				CLANG_WARN_STRICT_PROTOTYPES = YES;
				CLANG_WARN_SUSPICIOUS_MOVE = YES;
				CLANG_WARN_UNGUARDED_AVAILABILITY = YES_AGGRESSIVE;
				CLANG_WARN_UNREACHABLE_CODE = YES;
				CLANG_WARN__DUPLICATE_METHOD_MATCH = YES;
				COPY_PHASE_STRIP = NO;
				DEBUG_INFORMATION_FORMAT = dwarf;
				ENABLE_STRICT_OBJC_MSGSEND = YES;
				ENABLE_TESTABILITY = YES;
				GCC_C_LANGUAGE_STANDARD = gnu11;
				GCC_DYNAMIC_NO_PIC = NO;
				GCC_NO_COMMON_BLOCKS = YES;
				GCC_OPTIMIZATION_LEVEL = 0;
				GCC_PREPROCESSOR_DEFINITIONS = (
					"DEBUG=1",
					"$(inherited)",
				);
				GCC_WARN_64_TO_32_BIT_CONVERSION = YES;
				GCC_WARN_ABOUT_RETURN_TYPE = YES_ERROR;
				GCC_WARN_UNDECLARED_SELECTOR = YES;
				GCC_WARN_UNINITIALIZED_AUTOS = YES_AGGRESSIVE;
				GCC_WARN_UNUSED_FUNCTION = YES;
				GCC_WARN_UNUSED_VARIABLE = YES;
				IPHONEOS_DEPLOYMENT_TARGET = 14.4;
				MTL_ENABLE_DEBUG_INFO = INCLUDE_SOURCE;
				MTL_FAST_MATH = YES;
				ONLY_ACTIVE_ARCH = YES;
				SDKROOT = iphoneos;
				SWIFT_ACTIVE_COMPILATION_CONDITIONS = DEBUG;
				SWIFT_OPTIMIZATION_LEVEL = "-Onone";
			};
			name = Debug;
		};
		58917B2D26042CD9006227D1 /* Release */ = {
			isa = XCBuildConfiguration;
			buildSettings = {
				ALWAYS_SEARCH_USER_PATHS = NO;
				CLANG_ANALYZER_NONNULL = YES;
				CLANG_ANALYZER_NUMBER_OBJECT_CONVERSION = YES_AGGRESSIVE;
				CLANG_CXX_LANGUAGE_STANDARD = "gnu++14";
				CLANG_CXX_LIBRARY = "libc++";
				CLANG_ENABLE_MODULES = YES;
				CLANG_ENABLE_OBJC_ARC = YES;
				CLANG_ENABLE_OBJC_WEAK = YES;
				CLANG_WARN_BLOCK_CAPTURE_AUTORELEASING = YES;
				CLANG_WARN_BOOL_CONVERSION = YES;
				CLANG_WARN_COMMA = YES;
				CLANG_WARN_CONSTANT_CONVERSION = YES;
				CLANG_WARN_DEPRECATED_OBJC_IMPLEMENTATIONS = YES;
				CLANG_WARN_DIRECT_OBJC_ISA_USAGE = YES_ERROR;
				CLANG_WARN_DOCUMENTATION_COMMENTS = YES;
				CLANG_WARN_EMPTY_BODY = YES;
				CLANG_WARN_ENUM_CONVERSION = YES;
				CLANG_WARN_INFINITE_RECURSION = YES;
				CLANG_WARN_INT_CONVERSION = YES;
				CLANG_WARN_NON_LITERAL_NULL_CONVERSION = YES;
				CLANG_WARN_OBJC_IMPLICIT_RETAIN_SELF = YES;
				CLANG_WARN_OBJC_LITERAL_CONVERSION = YES;
				CLANG_WARN_OBJC_ROOT_CLASS = YES_ERROR;
				CLANG_WARN_QUOTED_INCLUDE_IN_FRAMEWORK_HEADER = YES;
				CLANG_WARN_RANGE_LOOP_ANALYSIS = YES;
				CLANG_WARN_STRICT_PROTOTYPES = YES;
				CLANG_WARN_SUSPICIOUS_MOVE = YES;
				CLANG_WARN_UNGUARDED_AVAILABILITY = YES_AGGRESSIVE;
				CLANG_WARN_UNREACHABLE_CODE = YES;
				CLANG_WARN__DUPLICATE_METHOD_MATCH = YES;
				COPY_PHASE_STRIP = NO;
				DEBUG_INFORMATION_FORMAT = "dwarf-with-dsym";
				ENABLE_NS_ASSERTIONS = NO;
				ENABLE_STRICT_OBJC_MSGSEND = YES;
				GCC_C_LANGUAGE_STANDARD = gnu11;
				GCC_NO_COMMON_BLOCKS = YES;
				GCC_WARN_64_TO_32_BIT_CONVERSION = YES;
				GCC_WARN_ABOUT_RETURN_TYPE = YES_ERROR;
				GCC_WARN_UNDECLARED_SELECTOR = YES;
				GCC_WARN_UNINITIALIZED_AUTOS = YES_AGGRESSIVE;
				GCC_WARN_UNUSED_FUNCTION = YES;
				GCC_WARN_UNUSED_VARIABLE = YES;
				IPHONEOS_DEPLOYMENT_TARGET = 14.4;
				MTL_ENABLE_DEBUG_INFO = NO;
				MTL_FAST_MATH = YES;
				SDKROOT = iphoneos;
				SWIFT_COMPILATION_MODE = wholemodule;
				SWIFT_OPTIMIZATION_LEVEL = "-O";
				VALIDATE_PRODUCT = YES;
			};
			name = Release;
		};
		58917B2F26042CD9006227D1 /* Debug */ = {
			isa = XCBuildConfiguration;
			baseConfigurationReference = F858C888A3B25415407D7B33 /* Pods-parstagram.debug.xcconfig */;
			buildSettings = {
				ASSETCATALOG_COMPILER_APPICON_NAME = AppIcon;
				ASSETCATALOG_COMPILER_GLOBAL_ACCENT_COLOR_NAME = AccentColor;
				CODE_SIGN_STYLE = Automatic;
				DEVELOPMENT_TEAM = 2LX8V757F4;
				INFOPLIST_FILE = parstagram/Info.plist;
				LD_RUNPATH_SEARCH_PATHS = (
					"$(inherited)",
					"@executable_path/Frameworks",
				);
				PRODUCT_BUNDLE_IDENTIFIER = com.example.parstagram216;
				PRODUCT_NAME = "$(TARGET_NAME)";
				SWIFT_VERSION = 5.0;
				TARGETED_DEVICE_FAMILY = "1,2";
			};
			name = Debug;
		};
		58917B3026042CD9006227D1 /* Release */ = {
			isa = XCBuildConfiguration;
			baseConfigurationReference = B226CCB0B3409C22D45292AC /* Pods-parstagram.release.xcconfig */;
			buildSettings = {
				ASSETCATALOG_COMPILER_APPICON_NAME = AppIcon;
				ASSETCATALOG_COMPILER_GLOBAL_ACCENT_COLOR_NAME = AccentColor;
				CODE_SIGN_STYLE = Automatic;
				DEVELOPMENT_TEAM = 2LX8V757F4;
				INFOPLIST_FILE = parstagram/Info.plist;
				LD_RUNPATH_SEARCH_PATHS = (
					"$(inherited)",
					"@executable_path/Frameworks",
				);
				PRODUCT_BUNDLE_IDENTIFIER = com.example.parstagram216;
				PRODUCT_NAME = "$(TARGET_NAME)";
				SWIFT_VERSION = 5.0;
				TARGETED_DEVICE_FAMILY = "1,2";
			};
			name = Release;
		};
		58917B3226042CD9006227D1 /* Debug */ = {
			isa = XCBuildConfiguration;
			baseConfigurationReference = 0F29B961127191E63E433D69 /* Pods-parstagramTests.debug.xcconfig */;
			buildSettings = {
				ALWAYS_EMBED_SWIFT_STANDARD_LIBRARIES = YES;
				BUNDLE_LOADER = "$(TEST_HOST)";
				CODE_SIGN_STYLE = Automatic;
				DEVELOPMENT_TEAM = 2LX8V757F4;
				INFOPLIST_FILE = parstagramTests/Info.plist;
				IPHONEOS_DEPLOYMENT_TARGET = 14.4;
				LD_RUNPATH_SEARCH_PATHS = (
					"$(inherited)",
					"@executable_path/Frameworks",
					"@loader_path/Frameworks",
				);
				PRODUCT_BUNDLE_IDENTIFIER = com.example.parstagramTests;
				PRODUCT_NAME = "$(TARGET_NAME)";
				SWIFT_VERSION = 5.0;
				TARGETED_DEVICE_FAMILY = "1,2";
				TEST_HOST = "$(BUILT_PRODUCTS_DIR)/parstagram.app/parstagram";
			};
			name = Debug;
		};
		58917B3326042CD9006227D1 /* Release */ = {
			isa = XCBuildConfiguration;
			baseConfigurationReference = C5A76C188F587AB38BC25C00 /* Pods-parstagramTests.release.xcconfig */;
			buildSettings = {
				ALWAYS_EMBED_SWIFT_STANDARD_LIBRARIES = YES;
				BUNDLE_LOADER = "$(TEST_HOST)";
				CODE_SIGN_STYLE = Automatic;
				DEVELOPMENT_TEAM = 2LX8V757F4;
				INFOPLIST_FILE = parstagramTests/Info.plist;
				IPHONEOS_DEPLOYMENT_TARGET = 14.4;
				LD_RUNPATH_SEARCH_PATHS = (
					"$(inherited)",
					"@executable_path/Frameworks",
					"@loader_path/Frameworks",
				);
				PRODUCT_BUNDLE_IDENTIFIER = com.example.parstagramTests;
				PRODUCT_NAME = "$(TARGET_NAME)";
				SWIFT_VERSION = 5.0;
				TARGETED_DEVICE_FAMILY = "1,2";
				TEST_HOST = "$(BUILT_PRODUCTS_DIR)/parstagram.app/parstagram";
			};
			name = Release;
		};
		58917B3526042CD9006227D1 /* Debug */ = {
			isa = XCBuildConfiguration;
			baseConfigurationReference = C4531F4C3F6306CDC723C37D /* Pods-parstagram-parstagramUITests.debug.xcconfig */;
			buildSettings = {
				ALWAYS_EMBED_SWIFT_STANDARD_LIBRARIES = YES;
				CODE_SIGN_STYLE = Automatic;
				DEVELOPMENT_TEAM = 2LX8V757F4;
				INFOPLIST_FILE = parstagramUITests/Info.plist;
				LD_RUNPATH_SEARCH_PATHS = (
					"$(inherited)",
					"@executable_path/Frameworks",
					"@loader_path/Frameworks",
				);
				PRODUCT_BUNDLE_IDENTIFIER = com.example.parstagramUITests;
				PRODUCT_NAME = "$(TARGET_NAME)";
				SWIFT_VERSION = 5.0;
				TARGETED_DEVICE_FAMILY = "1,2";
				TEST_TARGET_NAME = parstagram;
			};
			name = Debug;
		};
		58917B3626042CD9006227D1 /* Release */ = {
			isa = XCBuildConfiguration;
			baseConfigurationReference = CB39EC171C4F3796656D0986 /* Pods-parstagram-parstagramUITests.release.xcconfig */;
			buildSettings = {
				ALWAYS_EMBED_SWIFT_STANDARD_LIBRARIES = YES;
				CODE_SIGN_STYLE = Automatic;
				DEVELOPMENT_TEAM = 2LX8V757F4;
				INFOPLIST_FILE = parstagramUITests/Info.plist;
				LD_RUNPATH_SEARCH_PATHS = (
					"$(inherited)",
					"@executable_path/Frameworks",
					"@loader_path/Frameworks",
				);
				PRODUCT_BUNDLE_IDENTIFIER = com.example.parstagramUITests;
				PRODUCT_NAME = "$(TARGET_NAME)";
				SWIFT_VERSION = 5.0;
				TARGETED_DEVICE_FAMILY = "1,2";
				TEST_TARGET_NAME = parstagram;
			};
			name = Release;
		};
/* End XCBuildConfiguration section */

/* Begin XCConfigurationList section */
		58917AFF26042CD6006227D1 /* Build configuration list for PBXProject "parstagram" */ = {
			isa = XCConfigurationList;
			buildConfigurations = (
				58917B2C26042CD9006227D1 /* Debug */,
				58917B2D26042CD9006227D1 /* Release */,
			);
			defaultConfigurationIsVisible = 0;
			defaultConfigurationName = Release;
		};
		58917B2E26042CD9006227D1 /* Build configuration list for PBXNativeTarget "parstagram" */ = {
			isa = XCConfigurationList;
			buildConfigurations = (
				58917B2F26042CD9006227D1 /* Debug */,
				58917B3026042CD9006227D1 /* Release */,
			);
			defaultConfigurationIsVisible = 0;
			defaultConfigurationName = Release;
		};
		58917B3126042CD9006227D1 /* Build configuration list for PBXNativeTarget "parstagramTests" */ = {
			isa = XCConfigurationList;
			buildConfigurations = (
				58917B3226042CD9006227D1 /* Debug */,
				58917B3326042CD9006227D1 /* Release */,
			);
			defaultConfigurationIsVisible = 0;
			defaultConfigurationName = Release;
		};
		58917B3426042CD9006227D1 /* Build configuration list for PBXNativeTarget "parstagramUITests" */ = {
			isa = XCConfigurationList;
			buildConfigurations = (
				58917B3526042CD9006227D1 /* Debug */,
				58917B3626042CD9006227D1 /* Release */,
			);
			defaultConfigurationIsVisible = 0;
			defaultConfigurationName = Release;
		};
/* End XCConfigurationList section */
	};
	rootObject = 58917AFC26042CD6006227D1 /* Project object */;
}
